
Microsoft Visual Studio Solution File, Format Version 12.00
# Visual Studio Version 17
VisualStudioVersion = 17.8.34322.80
MinimumVisualStudioVersion = 10.0.40219.1
Project("{6EC3EE1D-3C4E-46DD-8F32-0CC8E7565705}") = "Helper", "Helper\Helper.fsproj", "{C2214BD7-E7BB-4E0C-A21B-BAF411CDB709}"
EndProject
Project("{6EC3EE1D-3C4E-46DD-8F32-0CC8E7565705}") = "Day10", "Day10\Day10.fsproj", "{7C40C10E-9564-4A59-81DD-BECC00A10A66}"
EndProject
Project("{6EC3EE1D-3C4E-46DD-8F32-0CC8E7565705}") = "Day01", "Day01\Day01.fsproj", "{325C0653-2D8F-4D30-ADC5-952D1B3A837F}"
EndProject
Project("{6EC3EE1D-3C4E-46DD-8F32-0CC8E7565705}") = "Day02", "Day02\Day02.fsproj", "{97DDDDCD-D856-437F-9EB3-F3C9BFC39E18}"
EndProject
Project("{6EC3EE1D-3C4E-46DD-8F32-0CC8E7565705}") = "Day03", "Day03\Day03.fsproj", "{16677D53-7D78-41B5-B5A1-2EF68FB4BF41}"
EndProject
Project("{6EC3EE1D-3C4E-46DD-8F32-0CC8E7565705}") = "Day04", "Day04\Day04.fsproj", "{CC1561FE-2B22-40D3-8030-DCE8A6C5D659}"
EndProject
Project("{6EC3EE1D-3C4E-46DD-8F32-0CC8E7565705}") = "Day05", "Day05\Day05.fsproj", "{C27B769B-C9D3-4FBC-B4AB-62FFB4190CE0}"
EndProject
Project("{6EC3EE1D-3C4E-46DD-8F32-0CC8E7565705}") = "Day06", "Day06\Day06.fsproj", "{4DC1B7A5-E8B9-4594-94F4-609CA9389BD0}"
EndProject
Project("{6EC3EE1D-3C4E-46DD-8F32-0CC8E7565705}") = "Day07", "Day07\Day07.fsproj", "{E1361538-B542-4E14-951A-6506A8218634}"
EndProject
Project("{6EC3EE1D-3C4E-46DD-8F32-0CC8E7565705}") = "Day08", "Day08\Day08.fsproj", "{39AD2895-5DEB-4023-B8E7-8D44358B4E2F}"
EndProject
Project("{6EC3EE1D-3C4E-46DD-8F32-0CC8E7565705}") = "Day09", "Day09\Day09.fsproj", "{A7537F80-E9F6-4330-B742-B1B3BA7C4F2B}"
EndProject
Project("{6EC3EE1D-3C4E-46DD-8F32-0CC8E7565705}") = "Day11", "Day11\Day11.fsproj", "{CC2E6927-B628-420D-8002-1A9555ACE7FC}"
EndProject
Project("{6EC3EE1D-3C4E-46DD-8F32-0CC8E7565705}") = "Day12", "Day12\Day12.fsproj", "{A3487DD2-EE9D-4E92-AF59-52D3382E530F}"
EndProject
Project("{6EC3EE1D-3C4E-46DD-8F32-0CC8E7565705}") = "Day13", "Day13\Day13.fsproj", "{5C6F11CB-44A1-4A43-9C09-9AC1F53E88C8}"
EndProject
Project("{6EC3EE1D-3C4E-46DD-8F32-0CC8E7565705}") = "Day14", "Day14\Day14.fsproj", "{B7D15C4C-0E46-4396-B99F-19B5B0D5FF3A}"
EndProject
Project("{6EC3EE1D-3C4E-46DD-8F32-0CC8E7565705}") = "Day15", "Day15\Day15.fsproj", "{3EF79D99-34EF-40B0-8CE7-E71F574EEC57}"
EndProject
Project("{6EC3EE1D-3C4E-46DD-8F32-0CC8E7565705}") = "Day16", "Day16\Day16.fsproj", "{BA91AA02-EAE5-4955-B21F-4CE352CD5BC3}"
EndProject
Project("{6EC3EE1D-3C4E-46DD-8F32-0CC8E7565705}") = "Day17", "Day17\Day17.fsproj", "{1FA686FB-F00A-45D4-90A0-027DC3BB2776}"
EndProject
Project("{6EC3EE1D-3C4E-46DD-8F32-0CC8E7565705}") = "Day18", "Day18\Day18.fsproj", "{1EE4254A-B5DF-43AE-9455-CEB79E651868}"
EndProject
Project("{6EC3EE1D-3C4E-46DD-8F32-0CC8E7565705}") = "Day19", "Day19\Day19.fsproj", "{0327B5E6-FFD2-4D32-B754-67D29536BA84}"
EndProject
Project("{6EC3EE1D-3C4E-46DD-8F32-0CC8E7565705}") = "Day20", "Day20\Day20.fsproj", "{81A72482-19A3-4B8A-9398-F809E2A2DC7D}"
EndProject
Project("{6EC3EE1D-3C4E-46DD-8F32-0CC8E7565705}") = "Day21", "Day21\Day21.fsproj", "{408E09CB-8AAF-4FF8-B4A4-77134F6CC1CD}"
EndProject
Project("{6EC3EE1D-3C4E-46DD-8F32-0CC8E7565705}") = "Day22", "Day22\Day22.fsproj", "{76DFD715-E8F4-4327-81E9-AA90B28B9106}"
EndProject
Project("{6EC3EE1D-3C4E-46DD-8F32-0CC8E7565705}") = "Day23", "Day23\Day23.fsproj", "{936CF835-6FBC-457F-A1FD-4C93A7D38769}"
EndProject
Project("{6EC3EE1D-3C4E-46DD-8F32-0CC8E7565705}") = "Day24", "Day24\Day24.fsproj", "{BC94A416-4990-465C-BEB8-A442A7755BA6}"
EndProject
Project("{6EC3EE1D-3C4E-46DD-8F32-0CC8E7565705}") = "Day25", "Day25\Day25.fsproj", "{227DB508-994E-45A6-9F1C-8127C2BF318B}"
EndProject
Global
	GlobalSection(SolutionConfigurationPlatforms) = preSolution
		Debug|Any CPU = Debug|Any CPU
		Release|Any CPU = Release|Any CPU
	EndGlobalSection
	GlobalSection(ProjectConfigurationPlatforms) = postSolution
		{C2214BD7-E7BB-4E0C-A21B-BAF411CDB709}.Debug|Any CPU.ActiveCfg = Debug|Any CPU
		{C2214BD7-E7BB-4E0C-A21B-BAF411CDB709}.Debug|Any CPU.Build.0 = Debug|Any CPU
		{C2214BD7-E7BB-4E0C-A21B-BAF411CDB709}.Release|Any CPU.ActiveCfg = Release|Any CPU
		{C2214BD7-E7BB-4E0C-A21B-BAF411CDB709}.Release|Any CPU.Build.0 = Release|Any CPU
		{7C40C10E-9564-4A59-81DD-BECC00A10A66}.Debug|Any CPU.ActiveCfg = Debug|Any CPU
		{7C40C10E-9564-4A59-81DD-BECC00A10A66}.Debug|Any CPU.Build.0 = Debug|Any CPU
		{7C40C10E-9564-4A59-81DD-BECC00A10A66}.Release|Any CPU.ActiveCfg = Release|Any CPU
		{7C40C10E-9564-4A59-81DD-BECC00A10A66}.Release|Any CPU.Build.0 = Release|Any CPU
		{325C0653-2D8F-4D30-ADC5-952D1B3A837F}.Debug|Any CPU.ActiveCfg = Debug|Any CPU
		{325C0653-2D8F-4D30-ADC5-952D1B3A837F}.Debug|Any CPU.Build.0 = Debug|Any CPU
		{325C0653-2D8F-4D30-ADC5-952D1B3A837F}.Release|Any CPU.ActiveCfg = Release|Any CPU
		{325C0653-2D8F-4D30-ADC5-952D1B3A837F}.Release|Any CPU.Build.0 = Release|Any CPU
		{97DDDDCD-D856-437F-9EB3-F3C9BFC39E18}.Debug|Any CPU.ActiveCfg = Debug|Any CPU
		{97DDDDCD-D856-437F-9EB3-F3C9BFC39E18}.Debug|Any CPU.Build.0 = Debug|Any CPU
		{97DDDDCD-D856-437F-9EB3-F3C9BFC39E18}.Release|Any CPU.ActiveCfg = Release|Any CPU
		{97DDDDCD-D856-437F-9EB3-F3C9BFC39E18}.Release|Any CPU.Build.0 = Release|Any CPU
		{16677D53-7D78-41B5-B5A1-2EF68FB4BF41}.Debug|Any CPU.ActiveCfg = Debug|Any CPU
		{16677D53-7D78-41B5-B5A1-2EF68FB4BF41}.Debug|Any CPU.Build.0 = Debug|Any CPU
		{16677D53-7D78-41B5-B5A1-2EF68FB4BF41}.Release|Any CPU.ActiveCfg = Release|Any CPU
		{16677D53-7D78-41B5-B5A1-2EF68FB4BF41}.Release|Any CPU.Build.0 = Release|Any CPU
		{CC1561FE-2B22-40D3-8030-DCE8A6C5D659}.Debug|Any CPU.ActiveCfg = Debug|Any CPU
		{CC1561FE-2B22-40D3-8030-DCE8A6C5D659}.Debug|Any CPU.Build.0 = Debug|Any CPU
		{CC1561FE-2B22-40D3-8030-DCE8A6C5D659}.Release|Any CPU.ActiveCfg = Release|Any CPU
		{CC1561FE-2B22-40D3-8030-DCE8A6C5D659}.Release|Any CPU.Build.0 = Release|Any CPU
		{C27B769B-C9D3-4FBC-B4AB-62FFB4190CE0}.Debug|Any CPU.ActiveCfg = Debug|Any CPU
		{C27B769B-C9D3-4FBC-B4AB-62FFB4190CE0}.Debug|Any CPU.Build.0 = Debug|Any CPU
		{C27B769B-C9D3-4FBC-B4AB-62FFB4190CE0}.Release|Any CPU.ActiveCfg = Release|Any CPU
		{C27B769B-C9D3-4FBC-B4AB-62FFB4190CE0}.Release|Any CPU.Build.0 = Release|Any CPU
		{4DC1B7A5-E8B9-4594-94F4-609CA9389BD0}.Debug|Any CPU.ActiveCfg = Debug|Any CPU
		{4DC1B7A5-E8B9-4594-94F4-609CA9389BD0}.Debug|Any CPU.Build.0 = Debug|Any CPU
		{4DC1B7A5-E8B9-4594-94F4-609CA9389BD0}.Release|Any CPU.ActiveCfg = Release|Any CPU
		{4DC1B7A5-E8B9-4594-94F4-609CA9389BD0}.Release|Any CPU.Build.0 = Release|Any CPU
		{E1361538-B542-4E14-951A-6506A8218634}.Debug|Any CPU.ActiveCfg = Debug|Any CPU
		{E1361538-B542-4E14-951A-6506A8218634}.Debug|Any CPU.Build.0 = Debug|Any CPU
		{E1361538-B542-4E14-951A-6506A8218634}.Release|Any CPU.ActiveCfg = Release|Any CPU
		{E1361538-B542-4E14-951A-6506A8218634}.Release|Any CPU.Build.0 = Release|Any CPU
		{39AD2895-5DEB-4023-B8E7-8D44358B4E2F}.Debug|Any CPU.ActiveCfg = Debug|Any CPU
		{39AD2895-5DEB-4023-B8E7-8D44358B4E2F}.Debug|Any CPU.Build.0 = Debug|Any CPU
		{39AD2895-5DEB-4023-B8E7-8D44358B4E2F}.Release|Any CPU.ActiveCfg = Release|Any CPU
		{39AD2895-5DEB-4023-B8E7-8D44358B4E2F}.Release|Any CPU.Build.0 = Release|Any CPU
		{A7537F80-E9F6-4330-B742-B1B3BA7C4F2B}.Debug|Any CPU.ActiveCfg = Debug|Any CPU
		{A7537F80-E9F6-4330-B742-B1B3BA7C4F2B}.Debug|Any CPU.Build.0 = Debug|Any CPU
		{A7537F80-E9F6-4330-B742-B1B3BA7C4F2B}.Release|Any CPU.ActiveCfg = Release|Any CPU
		{A7537F80-E9F6-4330-B742-B1B3BA7C4F2B}.Release|Any CPU.Build.0 = Release|Any CPU
		{CC2E6927-B628-420D-8002-1A9555ACE7FC}.Debug|Any CPU.ActiveCfg = Debug|Any CPU
		{CC2E6927-B628-420D-8002-1A9555ACE7FC}.Debug|Any CPU.Build.0 = Debug|Any CPU
		{CC2E6927-B628-420D-8002-1A9555ACE7FC}.Release|Any CPU.ActiveCfg = Release|Any CPU
		{CC2E6927-B628-420D-8002-1A9555ACE7FC}.Release|Any CPU.Build.0 = Release|Any CPU
		{A3487DD2-EE9D-4E92-AF59-52D3382E530F}.Debug|Any CPU.ActiveCfg = Debug|Any CPU
		{A3487DD2-EE9D-4E92-AF59-52D3382E530F}.Debug|Any CPU.Build.0 = Debug|Any CPU
		{A3487DD2-EE9D-4E92-AF59-52D3382E530F}.Release|Any CPU.ActiveCfg = Release|Any CPU
		{A3487DD2-EE9D-4E92-AF59-52D3382E530F}.Release|Any CPU.Build.0 = Release|Any CPU
		{5C6F11CB-44A1-4A43-9C09-9AC1F53E88C8}.Debug|Any CPU.ActiveCfg = Debug|Any CPU
		{5C6F11CB-44A1-4A43-9C09-9AC1F53E88C8}.Debug|Any CPU.Build.0 = Debug|Any CPU
		{5C6F11CB-44A1-4A43-9C09-9AC1F53E88C8}.Release|Any CPU.ActiveCfg = Release|Any CPU
		{5C6F11CB-44A1-4A43-9C09-9AC1F53E88C8}.Release|Any CPU.Build.0 = Release|Any CPU
		{B7D15C4C-0E46-4396-B99F-19B5B0D5FF3A}.Debug|Any CPU.ActiveCfg = Debug|Any CPU
		{B7D15C4C-0E46-4396-B99F-19B5B0D5FF3A}.Debug|Any CPU.Build.0 = Debug|Any CPU
		{B7D15C4C-0E46-4396-B99F-19B5B0D5FF3A}.Release|Any CPU.ActiveCfg = Release|Any CPU
		{B7D15C4C-0E46-4396-B99F-19B5B0D5FF3A}.Release|Any CPU.Build.0 = Release|Any CPU
		{3EF79D99-34EF-40B0-8CE7-E71F574EEC57}.Debug|Any CPU.ActiveCfg = Debug|Any CPU
		{3EF79D99-34EF-40B0-8CE7-E71F574EEC57}.Debug|Any CPU.Build.0 = Debug|Any CPU
		{3EF79D99-34EF-40B0-8CE7-E71F574EEC57}.Release|Any CPU.ActiveCfg = Release|Any CPU
		{3EF79D99-34EF-40B0-8CE7-E71F574EEC57}.Release|Any CPU.Build.0 = Release|Any CPU
		{BA91AA02-EAE5-4955-B21F-4CE352CD5BC3}.Debug|Any CPU.ActiveCfg = Debug|Any CPU
		{BA91AA02-EAE5-4955-B21F-4CE352CD5BC3}.Debug|Any CPU.Build.0 = Debug|Any CPU
		{BA91AA02-EAE5-4955-B21F-4CE352CD5BC3}.Release|Any CPU.ActiveCfg = Release|Any CPU
		{BA91AA02-EAE5-4955-B21F-4CE352CD5BC3}.Release|Any CPU.Build.0 = Release|Any CPU
		{1FA686FB-F00A-45D4-90A0-027DC3BB2776}.Debug|Any CPU.ActiveCfg = Debug|Any CPU
		{1FA686FB-F00A-45D4-90A0-027DC3BB2776}.Debug|Any CPU.Build.0 = Debug|Any CPU
		{1FA686FB-F00A-45D4-90A0-027DC3BB2776}.Release|Any CPU.ActiveCfg = Release|Any CPU
		{1FA686FB-F00A-45D4-90A0-027DC3BB2776}.Release|Any CPU.Build.0 = Release|Any CPU
		{1EE4254A-B5DF-43AE-9455-CEB79E651868}.Debug|Any CPU.ActiveCfg = Debug|Any CPU
		{1EE4254A-B5DF-43AE-9455-CEB79E651868}.Debug|Any CPU.Build.0 = Debug|Any CPU
		{1EE4254A-B5DF-43AE-9455-CEB79E651868}.Release|Any CPU.ActiveCfg = Release|Any CPU
		{1EE4254A-B5DF-43AE-9455-CEB79E651868}.Release|Any CPU.Build.0 = Release|Any CPU
		{0327B5E6-FFD2-4D32-B754-67D29536BA84}.Debug|Any CPU.ActiveCfg = Debug|Any CPU
		{0327B5E6-FFD2-4D32-B754-67D29536BA84}.Debug|Any CPU.Build.0 = Debug|Any CPU
		{0327B5E6-FFD2-4D32-B754-67D29536BA84}.Release|Any CPU.ActiveCfg = Release|Any CPU
		{0327B5E6-FFD2-4D32-B754-67D29536BA84}.Release|Any CPU.Build.0 = Release|Any CPU
		{81A72482-19A3-4B8A-9398-F809E2A2DC7D}.Debug|Any CPU.ActiveCfg = Debug|Any CPU
		{81A72482-19A3-4B8A-9398-F809E2A2DC7D}.Debug|Any CPU.Build.0 = Debug|Any CPU
		{81A72482-19A3-4B8A-9398-F809E2A2DC7D}.Release|Any CPU.ActiveCfg = Release|Any CPU
		{81A72482-19A3-4B8A-9398-F809E2A2DC7D}.Release|Any CPU.Build.0 = Release|Any CPU
		{408E09CB-8AAF-4FF8-B4A4-77134F6CC1CD}.Debug|Any CPU.ActiveCfg = Debug|Any CPU
		{408E09CB-8AAF-4FF8-B4A4-77134F6CC1CD}.Debug|Any CPU.Build.0 = Debug|Any CPU
		{408E09CB-8AAF-4FF8-B4A4-77134F6CC1CD}.Release|Any CPU.ActiveCfg = Release|Any CPU
		{408E09CB-8AAF-4FF8-B4A4-77134F6CC1CD}.Release|Any CPU.Build.0 = Release|Any CPU
		{76DFD715-E8F4-4327-81E9-AA90B28B9106}.Debug|Any CPU.ActiveCfg = Debug|Any CPU
		{76DFD715-E8F4-4327-81E9-AA90B28B9106}.Debug|Any CPU.Build.0 = Debug|Any CPU
		{76DFD715-E8F4-4327-81E9-AA90B28B9106}.Release|Any CPU.ActiveCfg = Release|Any CPU
		{76DFD715-E8F4-4327-81E9-AA90B28B9106}.Release|Any CPU.Build.0 = Release|Any CPU
		{936CF835-6FBC-457F-A1FD-4C93A7D38769}.Debug|Any CPU.ActiveCfg = Debug|Any CPU
		{936CF835-6FBC-457F-A1FD-4C93A7D38769}.Debug|Any CPU.Build.0 = Debug|Any CPU
		{936CF835-6FBC-457F-A1FD-4C93A7D38769}.Release|Any CPU.ActiveCfg = Release|Any CPU
		{936CF835-6FBC-457F-A1FD-4C93A7D38769}.Release|Any CPU.Build.0 = Release|Any CPU
		{BC94A416-4990-465C-BEB8-A442A7755BA6}.Debug|Any CPU.ActiveCfg = Debug|Any CPU
		{BC94A416-4990-465C-BEB8-A442A7755BA6}.Debug|Any CPU.Build.0 = Debug|Any CPU
		{BC94A416-4990-465C-BEB8-A442A7755BA6}.Release|Any CPU.ActiveCfg = Release|Any CPU
		{BC94A416-4990-465C-BEB8-A442A7755BA6}.Release|Any CPU.Build.0 = Release|Any CPU
		{227DB508-994E-45A6-9F1C-8127C2BF318B}.Debug|Any CPU.ActiveCfg = Debug|Any CPU
		{227DB508-994E-45A6-9F1C-8127C2BF318B}.Debug|Any CPU.Build.0 = Debug|Any CPU
		{227DB508-994E-45A6-9F1C-8127C2BF318B}.Release|Any CPU.ActiveCfg = Release|Any CPU
		{227DB508-994E-45A6-9F1C-8127C2BF318B}.Release|Any CPU.Build.0 = Release|Any CPU
	EndGlobalSection
	GlobalSection(SolutionProperties) = preSolution
		HideSolutionNode = FALSE
	EndGlobalSection
	GlobalSection(ExtensibilityGlobals) = postSolution
		SolutionGuid = {FBD0984D-8509-4305-A65F-69C2154EF7DC}
	EndGlobalSection
EndGlobal
