
Microsoft Visual Studio Solution File, Format Version 12.00
# Visual Studio Version 17
VisualStudioVersion = 17.8.34322.80
MinimumVisualStudioVersion = 10.0.40219.1
Project("{6EC3EE1D-3C4E-46DD-8F32-0CC8E7565705}") = "Day1", "Day1\Day1.fsproj", "{4DF359EA-AD2F-4BAF-A6BB-977B176DADEE}"
EndProject
Project("{6EC3EE1D-3C4E-46DD-8F32-0CC8E7565705}") = "Helper", "Helper\Helper.fsproj", "{C2214BD7-E7BB-4E0C-A21B-BAF411CDB709}"
EndProject
Project("{6EC3EE1D-3C4E-46DD-8F32-0CC8E7565705}") = "Day2", "Day2\Day2.fsproj", "{19AB0290-F059-4DBF-9023-07922022D85F}"
EndProject
Project("{6EC3EE1D-3C4E-46DD-8F32-0CC8E7565705}") = "Day3", "Day3\Day3.fsproj", "{77AAE2ED-607A-4694-BB0F-6219FA447CB7}"
EndProject
Project("{6EC3EE1D-3C4E-46DD-8F32-0CC8E7565705}") = "Day4", "Day4\Day4.fsproj", "{F4269F01-B5C5-4BF1-A891-4B31A1275F0A}"
EndProject
Project("{6EC3EE1D-3C4E-46DD-8F32-0CC8E7565705}") = "Day5", "Day5\Day5.fsproj", "{33655695-0B00-4A64-8509-25ED33449898}"
EndProject
Project("{6EC3EE1D-3C4E-46DD-8F32-0CC8E7565705}") = "Day6", "Day6\Day6.fsproj", "{C0F1DAD7-1562-4ED0-9EFF-9FF107FD81D2}"
EndProject
Project("{F2A71F9B-5D33-465A-A702-920D77279786}") = "Day7", "Day7\Day7.fsproj", "{E9439B84-77D3-45B6-8AFB-26CD6A179AEC}"
EndProject
Global
	GlobalSection(SolutionConfigurationPlatforms) = preSolution
		Debug|Any CPU = Debug|Any CPU
		Release|Any CPU = Release|Any CPU
	EndGlobalSection
	GlobalSection(ProjectConfigurationPlatforms) = postSolution
		{4DF359EA-AD2F-4BAF-A6BB-977B176DADEE}.Debug|Any CPU.ActiveCfg = Debug|Any CPU
		{4DF359EA-AD2F-4BAF-A6BB-977B176DADEE}.Debug|Any CPU.Build.0 = Debug|Any CPU
		{4DF359EA-AD2F-4BAF-A6BB-977B176DADEE}.Release|Any CPU.ActiveCfg = Release|Any CPU
		{4DF359EA-AD2F-4BAF-A6BB-977B176DADEE}.Release|Any CPU.Build.0 = Release|Any CPU
		{C2214BD7-E7BB-4E0C-A21B-BAF411CDB709}.Debug|Any CPU.ActiveCfg = Debug|Any CPU
		{C2214BD7-E7BB-4E0C-A21B-BAF411CDB709}.Debug|Any CPU.Build.0 = Debug|Any CPU
		{C2214BD7-E7BB-4E0C-A21B-BAF411CDB709}.Release|Any CPU.ActiveCfg = Release|Any CPU
		{C2214BD7-E7BB-4E0C-A21B-BAF411CDB709}.Release|Any CPU.Build.0 = Release|Any CPU
		{19AB0290-F059-4DBF-9023-07922022D85F}.Debug|Any CPU.ActiveCfg = Debug|Any CPU
		{19AB0290-F059-4DBF-9023-07922022D85F}.Debug|Any CPU.Build.0 = Debug|Any CPU
		{19AB0290-F059-4DBF-9023-07922022D85F}.Release|Any CPU.ActiveCfg = Release|Any CPU
		{19AB0290-F059-4DBF-9023-07922022D85F}.Release|Any CPU.Build.0 = Release|Any CPU
		{77AAE2ED-607A-4694-BB0F-6219FA447CB7}.Debug|Any CPU.ActiveCfg = Debug|Any CPU
		{77AAE2ED-607A-4694-BB0F-6219FA447CB7}.Debug|Any CPU.Build.0 = Debug|Any CPU
		{77AAE2ED-607A-4694-BB0F-6219FA447CB7}.Release|Any CPU.ActiveCfg = Release|Any CPU
		{77AAE2ED-607A-4694-BB0F-6219FA447CB7}.Release|Any CPU.Build.0 = Release|Any CPU
		{F4269F01-B5C5-4BF1-A891-4B31A1275F0A}.Debug|Any CPU.ActiveCfg = Debug|Any CPU
		{F4269F01-B5C5-4BF1-A891-4B31A1275F0A}.Debug|Any CPU.Build.0 = Debug|Any CPU
		{F4269F01-B5C5-4BF1-A891-4B31A1275F0A}.Release|Any CPU.ActiveCfg = Release|Any CPU
		{F4269F01-B5C5-4BF1-A891-4B31A1275F0A}.Release|Any CPU.Build.0 = Release|Any CPU
		{33655695-0B00-4A64-8509-25ED33449898}.Debug|Any CPU.ActiveCfg = Debug|Any CPU
		{33655695-0B00-4A64-8509-25ED33449898}.Debug|Any CPU.Build.0 = Debug|Any CPU
		{33655695-0B00-4A64-8509-25ED33449898}.Release|Any CPU.ActiveCfg = Release|Any CPU
		{33655695-0B00-4A64-8509-25ED33449898}.Release|Any CPU.Build.0 = Release|Any CPU
		{C0F1DAD7-1562-4ED0-9EFF-9FF107FD81D2}.Debug|Any CPU.ActiveCfg = Debug|Any CPU
		{C0F1DAD7-1562-4ED0-9EFF-9FF107FD81D2}.Debug|Any CPU.Build.0 = Debug|Any CPU
		{C0F1DAD7-1562-4ED0-9EFF-9FF107FD81D2}.Release|Any CPU.ActiveCfg = Release|Any CPU
		{C0F1DAD7-1562-4ED0-9EFF-9FF107FD81D2}.Release|Any CPU.Build.0 = Release|Any CPU
		{E9439B84-77D3-45B6-8AFB-26CD6A179AEC}.Debug|Any CPU.ActiveCfg = Debug|Any CPU
		{E9439B84-77D3-45B6-8AFB-26CD6A179AEC}.Debug|Any CPU.Build.0 = Debug|Any CPU
		{E9439B84-77D3-45B6-8AFB-26CD6A179AEC}.Release|Any CPU.ActiveCfg = Release|Any CPU
		{E9439B84-77D3-45B6-8AFB-26CD6A179AEC}.Release|Any CPU.Build.0 = Release|Any CPU
	EndGlobalSection
	GlobalSection(SolutionProperties) = preSolution
		HideSolutionNode = FALSE
	EndGlobalSection
	GlobalSection(ExtensibilityGlobals) = postSolution
		SolutionGuid = {FBD0984D-8509-4305-A65F-69C2154EF7DC}
	EndGlobalSection
EndGlobal
